
Microsoft Visual Studio Solution File, Format Version 12.00
# Visual Studio 15
Project("{FAE04EC0-301F-11D3-BF4B-00C04F79EFBC}") = "Assembly-CSharp-firstpass", "Assembly-CSharp-firstpass.csproj", "{03406BA5-9F5E-FC40-A12E-5F177A8396AA}"
EndProject
Project("{FAE04EC0-301F-11D3-BF4B-00C04F79EFBC}") = "Assembly-CSharp", "Assembly-CSharp.csproj", "{5225DD8F-9814-882E-5093-F09FAE9C2D36}"
EndProject
Project("{FAE04EC0-301F-11D3-BF4B-00C04F79EFBC}") = "Assembly-CSharp-Editor-firstpass", "Assembly-CSharp-Editor-firstpass.csproj", "{F6676D15-6823-F119-0EDB-AF61C6EED7D5}"
EndProject
Global
	GlobalSection(SolutionConfigurationPlatforms) = preSolution
		Debug|Any CPU = Debug|Any CPU
		Release|Any CPU = Release|Any CPU
	EndGlobalSection
	GlobalSection(ProjectConfigurationPlatforms) = postSolution
		{03406BA5-9F5E-FC40-A12E-5F177A8396AA}.Debug|Any CPU.ActiveCfg = Debug|Any CPU
		{03406BA5-9F5E-FC40-A12E-5F177A8396AA}.Debug|Any CPU.Build.0 = Debug|Any CPU
		{03406BA5-9F5E-FC40-A12E-5F177A8396AA}.Release|Any CPU.ActiveCfg = Release|Any CPU
		{03406BA5-9F5E-FC40-A12E-5F177A8396AA}.Release|Any CPU.Build.0 = Release|Any CPU
		{5225DD8F-9814-882E-5093-F09FAE9C2D36}.Debug|Any CPU.ActiveCfg = Debug|Any CPU
		{5225DD8F-9814-882E-5093-F09FAE9C2D36}.Debug|Any CPU.Build.0 = Debug|Any CPU
		{5225DD8F-9814-882E-5093-F09FAE9C2D36}.Release|Any CPU.ActiveCfg = Release|Any CPU
		{5225DD8F-9814-882E-5093-F09FAE9C2D36}.Release|Any CPU.Build.0 = Release|Any CPU
		{F6676D15-6823-F119-0EDB-AF61C6EED7D5}.Debug|Any CPU.ActiveCfg = Debug|Any CPU
		{F6676D15-6823-F119-0EDB-AF61C6EED7D5}.Debug|Any CPU.Build.0 = Debug|Any CPU
		{F6676D15-6823-F119-0EDB-AF61C6EED7D5}.Release|Any CPU.ActiveCfg = Release|Any CPU
		{F6676D15-6823-F119-0EDB-AF61C6EED7D5}.Release|Any CPU.Build.0 = Release|Any CPU
	EndGlobalSection
	GlobalSection(SolutionProperties) = preSolution
		HideSolutionNode = FALSE
	EndGlobalSection
EndGlobal
